// !$*UTF8*$!
{
	archiveVersion = 1;
	classes = {};
	objectVersion = 56;
	objects = {

/* Begin PBXBuildFile section */
		A10000000000000000000001 /* Forge3DApp.swift in Sources */ = {isa = PBXBuildFile; fileRef = B10000000000000000000001; };
		A10000000000000000000002 /* WorkspaceModel.swift in Sources */ = {isa = PBXBuildFile; fileRef = B10000000000000000000002; };
		A10000000000000000000003 /* ContentView.swift in Sources */ = {isa = PBXBuildFile; fileRef = B10000000000000000000003; };
		A10000000000000000000004 /* MetalCanvas.swift in Sources */ = {isa = PBXBuildFile; fileRef = B10000000000000000000004; };
		A10000000000000000000005 /* InputModel.swift in Sources */ = {isa = PBXBuildFile; fileRef = B10000000000000000000005; };
		A10000000000000000000006 /* MetalRenderer.swift in Sources */ = {isa = PBXBuildFile; fileRef = B10000000000000000000006; };
		A10000000000000000000007 /* Shaders.metal in Sources */ = {isa = PBXBuildFile; fileRef = B10000000000000000000007; };
		A10000000000000000000008 /* Mesh.swift in Sources */ = {isa = PBXBuildFile; fileRef = B10000000000000000000008; };
		A10000000000000000000009 /* Picking.swift in Sources */ = {isa = PBXBuildFile; fileRef = B10000000000000000000009; };
		A1000000000000000000000A /* SculptBrush.swift in Sources */ = {isa = PBXBuildFile; fileRef = B1000000000000000000000A; };
		A1000000000000000000000B /* StrokeHistory.swift in Sources */ = {isa = PBXBuildFile; fileRef = B1000000000000000000000B; };
		A1000000000000000000000C /* ProjectDocument.swift in Sources */ = {isa = PBXBuildFile; fileRef = B1000000000000000000000C; };
		A1000000000000000000000D /* BinarySTLExporter.swift in Sources */ = {isa = PBXBuildFile; fileRef = B1000000000000000000000D; };
		A1000000000000000000000E /* FoundationPrototypeTests.swift in Sources */ = {isa = PBXBuildFile; fileRef = B1000000000000000000000E; };
		A1000000000000000000000F /* PerformanceProfiler.swift in Sources */ = {isa = PBXBuildFile; fileRef = B10000000000000000000012; };
		A10000000000000000000010 /* PerformanceHUD.swift in Sources */ = {isa = PBXBuildFile; fileRef = B10000000000000000000013; };
		A10000000000000000000011 /* BenchmarkScenario.swift in Sources */ = {isa = PBXBuildFile; fileRef = B10000000000000000000014; };
		A10000000000000000000012 /* BenchmarkPanel.swift in Sources */ = {isa = PBXBuildFile; fileRef = B10000000000000000000015; };
		A10000000000000000000013 /* BenchmarkRunner.swift in Sources */ = {isa = PBXBuildFile; fileRef = B10000000000000000000016; };
		A10000000000000000000014 /* SpatialIndex.swift in Sources */ = {isa = PBXBuildFile; fileRef = B10000000000000000000017; };
		A10000000000000000000015 /* ObjectTransform.swift in Sources */ = {isa = PBXBuildFile; fileRef = B10000000000000000000018; };
		A10000000000000000000016 /* TransformPanel.swift in Sources */ = {isa = PBXBuildFile; fileRef = B10000000000000000000019; };
		A10000000000000000000017 /* TranslationGizmo.swift in Sources */ = {isa = PBXBuildFile; fileRef = B1000000000000000000001A; };
		A10000000000000000000018 /* TranslationGizmoRenderer.swift in Sources */ = {isa = PBXBuildFile; fileRef = B1000000000000000000001B; };
		A10000000000000000000019 /* RotationGizmo.swift in Sources */ = {isa = PBXBuildFile; fileRef = B1000000000000000000001C; };
		A1000000000000000000001A /* RotationGizmoRenderer.swift in Sources */ = {isa = PBXBuildFile; fileRef = B1000000000000000000001D; };
		A1000000000000000000001B /* ScaleGizmo.swift in Sources */ = {isa = PBXBuildFile; fileRef = B1000000000000000000001E; };
		A1000000000000000000001C /* ScaleGizmoRenderer.swift in Sources */ = {isa = PBXBuildFile; fileRef = B1000000000000000000001F; };
		A1000000000000000000001D /* PrimitiveMeshBuilder.swift in Sources */ = {isa = PBXBuildFile; fileRef = B10000000000000000000020; };
		A1000000000000000000001E /* PrimitiveCreationView.swift in Sources */ = {isa = PBXBuildFile; fileRef = B10000000000000000000021; };
		A1000000000000000000001F /* MeshSubdivision.swift in Sources */ = {isa = PBXBuildFile; fileRef = B10000000000000000000022; };
		A10000000000000000000020 /* MeshSubdivisionView.swift in Sources */ = {isa = PBXBuildFile; fileRef = B10000000000000000000023; };
		A10000000000000000000021 /* LengthUnits.swift in Sources */ = {isa = PBXBuildFile; fileRef = B10000000000000000000024; };
		A10000000000000000000022 /* STLExportPipeline.swift in Sources */ = {isa = PBXBuildFile; fileRef = B10000000000000000000025; };
		A10000000000000000000023 /* STLExportView.swift in Sources */ = {isa = PBXBuildFile; fileRef = B10000000000000000000026; };
		A10000000000000000000024 /* STLImporter.swift in Sources */ = {isa = PBXBuildFile; fileRef = B10000000000000000000027; };
		A10000000000000000000025 /* STLImportView.swift in Sources */ = {isa = PBXBuildFile; fileRef = B10000000000000000000028; };
		A10000000000000000000026 /* MeshDiagnostics.swift in Sources */ = {isa = PBXBuildFile; fileRef = B10000000000000000000029; };
		A10000000000000000000027 /* MeshDiagnosticsOverlayRenderer.swift in Sources */ = {isa = PBXBuildFile; fileRef = B1000000000000000000002A; };
		A10000000000000000000028 /* MeshDiagnosticsView.swift in Sources */ = {isa = PBXBuildFile; fileRef = B1000000000000000000002B; };
		A10000000000000000000029 /* MeshDiagnosticsTests.swift in Sources */ = {isa = PBXBuildFile; fileRef = B1000000000000000000002C; };
		A1000000000000000000002A /* MeshCleanup.swift in Sources */ = {isa = PBXBuildFile; fileRef = B1000000000000000000002D; };
		A1000000000000000000002B /* MeshCleanupView.swift in Sources */ = {isa = PBXBuildFile; fileRef = B1000000000000000000002E; };
		A1000000000000000000002C /* MeshCleanupTests.swift in Sources */ = {isa = PBXBuildFile; fileRef = B1000000000000000000002F; };
		A1000000000000000000002D /* MutationGeneration.swift in Sources */ = {isa = PBXBuildFile; fileRef = B10000000000000000000030; };
		A1000000000000000000002E /* AutosaveRecovery.swift in Sources */ = {isa = PBXBuildFile; fileRef = B10000000000000000000031; };
		A1000000000000000000002F /* RecoveryView.swift in Sources */ = {isa = PBXBuildFile; fileRef = B10000000000000000000032; };
		A10000000000000000000030 /* AutosaveRecoveryTests.swift in Sources */ = {isa = PBXBuildFile; fileRef = B10000000000000000000033; };
		A10000000000000000000031 /* FaceSelection.swift in Sources */ = {isa = PBXBuildFile; fileRef = B10000000000000000000034; };
		A10000000000000000000032 /* FaceSelectionOverlayRenderer.swift in Sources */ = {isa = PBXBuildFile; fileRef = B10000000000000000000035; };
		A10000000000000000000033 /* FaceSelectionPanel.swift in Sources */ = {isa = PBXBuildFile; fileRef = B10000000000000000000036; };
		A10000000000000000000034 /* FaceSelectionTests.swift in Sources */ = {isa = PBXBuildFile; fileRef = B10000000000000000000037; };
		A10000000000000000000035 /* FaceExtrude.swift in Sources */ = {isa = PBXBuildFile; fileRef = B10000000000000000000038; };
		A10000000000000000000036 /* FaceExtrudeView.swift in Sources */ = {isa = PBXBuildFile; fileRef = B10000000000000000000039; };
		A10000000000000000000037 /* FaceExtrudeTests.swift in Sources */ = {isa = PBXBuildFile; fileRef = B1000000000000000000003A; };
		A10000000000000000000038 /* FaceInset.swift in Sources */ = {isa = PBXBuildFile; fileRef = B1000000000000000000003B; };
		A10000000000000000000039 /* FaceInsetView.swift in Sources */ = {isa = PBXBuildFile; fileRef = B1000000000000000000003C; };
		A1000000000000000000003A /* FaceInsetTests.swift in Sources */ = {isa = PBXBuildFile; fileRef = B1000000000000000000003D; };
		A1000000000000000000003B /* PlanarFaceRegion.swift in Sources */ = {isa = PBXBuildFile; fileRef = B1000000000000000000003E; };
		A1000000000000000000003C /* FaceBevel.swift in Sources */ = {isa = PBXBuildFile; fileRef = B1000000000000000000003F; };
		A1000000000000000000003D /* FaceBevelView.swift in Sources */ = {isa = PBXBuildFile; fileRef = B10000000000000000000040; };
		A1000000000000000000003E /* FaceBevelTests.swift in Sources */ = {isa = PBXBuildFile; fileRef = B10000000000000000000041; };
		A1000000000000000000003F /* MeshMirror.swift in Sources */ = {isa = PBXBuildFile; fileRef = B10000000000000000000042; };
		A10000000000000000000040 /* MeshMirrorView.swift in Sources */ = {isa = PBXBuildFile; fileRef = B10000000000000000000043; };
		A10000000000000000000041 /* MeshMirrorTests.swift in Sources */ = {isa = PBXBuildFile; fileRef = B10000000000000000000044; };
		A10000000000000000000042 /* MeshLinearArray.swift in Sources */ = {isa = PBXBuildFile; fileRef = B10000000000000000000045; };
		A10000000000000000000043 /* MeshLinearArrayView.swift in Sources */ = {isa = PBXBuildFile; fileRef = B10000000000000000000046; };
		A10000000000000000000044 /* MeshLinearArrayTests.swift in Sources */ = {isa = PBXBuildFile; fileRef = B10000000000000000000047; };
		A10000000000000000000045 /* MeshRadialArray.swift in Sources */ = {isa = PBXBuildFile; fileRef = B10000000000000000000048; };
		A10000000000000000000046 /* MeshRadialArrayView.swift in Sources */ = {isa = PBXBuildFile; fileRef = B10000000000000000000049; };
		A10000000000000000000047 /* MeshRadialArrayTests.swift in Sources */ = {isa = PBXBuildFile; fileRef = B1000000000000000000004A; };
		A10000000000000000000048 /* MeshExactSeamEdit.swift in Sources */ = {isa = PBXBuildFile; fileRef = B1000000000000000000004B; };
		A10000000000000000000049 /* MeshExactSeamEditView.swift in Sources */ = {isa = PBXBuildFile; fileRef = B1000000000000000000004C; };
		A1000000000000000000004A /* MeshExactSeamEditTests.swift in Sources */ = {isa = PBXBuildFile; fileRef = B1000000000000000000004D; };
		A1000000000000000000004B /* EdgeSelection.swift in Sources */ = {isa = PBXBuildFile; fileRef = B1000000000000000000004E; };
		A1000000000000000000004C /* EdgeSelectionOverlayRenderer.swift in Sources */ = {isa = PBXBuildFile; fileRef = B1000000000000000000004F; };
		A1000000000000000000004D /* EdgeSelectionPanel.swift in Sources */ = {isa = PBXBuildFile; fileRef = B10000000000000000000050; };
		A1000000000000000000004E /* EdgeSelectionTests.swift in Sources */ = {isa = PBXBuildFile; fileRef = B10000000000000000000051; };
/* End PBXBuildFile section */

/* Begin PBXContainerItemProxy section */
		C10000000000000000000001 = {isa = PBXContainerItemProxy; containerPortal = F10000000000000000000001; proxyType = 1; remoteGlobalIDString = D10000000000000000000001; remoteInfo = Forge3D; };
/* End PBXContainerItemProxy section */

/* Begin PBXFileReference section */
		B10000000000000000000001 = {isa = PBXFileReference; lastKnownFileType = sourcecode.swift; path = src/App/Forge3DApp.swift; sourceTree = "<group>"; };
		B10000000000000000000002 = {isa = PBXFileReference; lastKnownFileType = sourcecode.swift; path = src/App/WorkspaceModel.swift; sourceTree = "<group>"; };
		B10000000000000000000003 = {isa = PBXFileReference; lastKnownFileType = sourcecode.swift; path = src/UI/ContentView.swift; sourceTree = "<group>"; };
		B10000000000000000000004 = {isa = PBXFileReference; lastKnownFileType = sourcecode.swift; path = src/UI/MetalCanvas.swift; sourceTree = "<group>"; };
		B10000000000000000000005 = {isa = PBXFileReference; lastKnownFileType = sourcecode.swift; path = src/Input/InputModel.swift; sourceTree = "<group>"; };
		B10000000000000000000006 = {isa = PBXFileReference; lastKnownFileType = sourcecode.swift; path = src/Renderer/MetalRenderer.swift; sourceTree = "<group>"; };
		B10000000000000000000007 = {isa = PBXFileReference; lastKnownFileType = sourcecode.metal; path = src/Renderer/Shaders.metal; sourceTree = "<group>"; };
		B10000000000000000000008 = {isa = PBXFileReference; lastKnownFileType = sourcecode.swift; path = src/GeometryCore/Mesh.swift; sourceTree = "<group>"; };
		B10000000000000000000009 = {isa = PBXFileReference; lastKnownFileType = sourcecode.swift; path = src/GeometryCore/Picking.swift; sourceTree = "<group>"; };
		B1000000000000000000000A = {isa = PBXFileReference; lastKnownFileType = sourcecode.swift; path = src/SculptCore/SculptBrush.swift; sourceTree = "<group>"; };
		B1000000000000000000000B = {isa = PBXFileReference; lastKnownFileType = sourcecode.swift; path = src/Undo/StrokeHistory.swift; sourceTree = "<group>"; };
		B1000000000000000000000C = {isa = PBXFileReference; lastKnownFileType = sourcecode.swift; path = src/FileIO/ProjectDocument.swift; sourceTree = "<group>"; };
		B1000000000000000000000D = {isa = PBXFileReference; lastKnownFileType = sourcecode.swift; path = src/Export/BinarySTLExporter.swift; sourceTree = "<group>"; };
		B1000000000000000000000E = {isa = PBXFileReference; lastKnownFileType = sourcecode.swift; path = tests/FoundationPrototypeTests.swift; sourceTree = "<group>"; };
		B1000000000000000000000F = {isa = PBXFileReference; explicitFileType = wrapper.application; path = Forge3D.app; sourceTree = BUILT_PRODUCTS_DIR; };
		B10000000000000000000010 = {isa = PBXFileReference; explicitFileType = wrapper.cfbundle; path = Forge3DTests.xctest; sourceTree = BUILT_PRODUCTS_DIR; };
		B10000000000000000000011 = {isa = PBXFileReference; lastKnownFileType = text.plist.xml; path = src/App/Info.plist; sourceTree = "<group>"; };
		B10000000000000000000012 = {isa = PBXFileReference; lastKnownFileType = sourcecode.swift; path = src/Diagnostics/PerformanceProfiler.swift; sourceTree = "<group>"; };
		B10000000000000000000013 = {isa = PBXFileReference; lastKnownFileType = sourcecode.swift; path = src/UI/PerformanceHUD.swift; sourceTree = "<group>"; };
		B10000000000000000000014 = {isa = PBXFileReference; lastKnownFileType = sourcecode.swift; path = src/Diagnostics/BenchmarkScenario.swift; sourceTree = "<group>"; };
		B10000000000000000000015 = {isa = PBXFileReference; lastKnownFileType = sourcecode.swift; path = src/UI/BenchmarkPanel.swift; sourceTree = "<group>"; };
		B10000000000000000000016 = {isa = PBXFileReference; lastKnownFileType = sourcecode.swift; path = src/Diagnostics/BenchmarkRunner.swift; sourceTree = "<group>"; };
		B10000000000000000000017 = {isa = PBXFileReference; lastKnownFileType = sourcecode.swift; path = src/GeometryCore/SpatialIndex.swift; sourceTree = "<group>"; };
		B10000000000000000000018 = {isa = PBXFileReference; lastKnownFileType = sourcecode.swift; path = src/GeometryCore/ObjectTransform.swift; sourceTree = "<group>"; };
		B10000000000000000000019 = {isa = PBXFileReference; lastKnownFileType = sourcecode.swift; path = src/UI/TransformPanel.swift; sourceTree = "<group>"; };
		B1000000000000000000001A = {isa = PBXFileReference; lastKnownFileType = sourcecode.swift; path = src/GeometryCore/TranslationGizmo.swift; sourceTree = "<group>"; };
		B1000000000000000000001B = {isa = PBXFileReference; lastKnownFileType = sourcecode.swift; path = src/Renderer/TranslationGizmoRenderer.swift; sourceTree = "<group>"; };
		B1000000000000000000001C = {isa = PBXFileReference; lastKnownFileType = sourcecode.swift; path = src/GeometryCore/RotationGizmo.swift; sourceTree = "<group>"; };
		B1000000000000000000001D = {isa = PBXFileReference; lastKnownFileType = sourcecode.swift; path = src/Renderer/RotationGizmoRenderer.swift; sourceTree = "<group>"; };
		B1000000000000000000001E = {isa = PBXFileReference; lastKnownFileType = sourcecode.swift; path = src/GeometryCore/ScaleGizmo.swift; sourceTree = "<group>"; };
		B1000000000000000000001F = {isa = PBXFileReference; lastKnownFileType = sourcecode.swift; path = src/Renderer/ScaleGizmoRenderer.swift; sourceTree = "<group>"; };
		B10000000000000000000020 = {isa = PBXFileReference; lastKnownFileType = sourcecode.swift; path = src/GeometryCore/PrimitiveMeshBuilder.swift; sourceTree = "<group>"; };
		B10000000000000000000021 = {isa = PBXFileReference; lastKnownFileType = sourcecode.swift; path = src/UI/PrimitiveCreationView.swift; sourceTree = "<group>"; };
		B10000000000000000000022 = {isa = PBXFileReference; lastKnownFileType = sourcecode.swift; path = src/GeometryCore/MeshSubdivision.swift; sourceTree = "<group>"; };
		B10000000000000000000023 = {isa = PBXFileReference; lastKnownFileType = sourcecode.swift; path = src/UI/MeshSubdivisionView.swift; sourceTree = "<group>"; };
		B10000000000000000000024 = {isa = PBXFileReference; lastKnownFileType = sourcecode.swift; path = src/GeometryCore/LengthUnits.swift; sourceTree = "<group>"; };
		B10000000000000000000025 = {isa = PBXFileReference; lastKnownFileType = sourcecode.swift; path = src/Export/STLExportPipeline.swift; sourceTree = "<group>"; };
		B10000000000000000000026 = {isa = PBXFileReference; lastKnownFileType = sourcecode.swift; path = src/UI/STLExportView.swift; sourceTree = "<group>"; };
		B10000000000000000000027 = {isa = PBXFileReference; lastKnownFileType = sourcecode.swift; path = src/Import/STLImporter.swift; sourceTree = "<group>"; };
		B10000000000000000000028 = {isa = PBXFileReference; lastKnownFileType = sourcecode.swift; path = src/UI/STLImportView.swift; sourceTree = "<group>"; };
		B10000000000000000000029 = {isa = PBXFileReference; lastKnownFileType = sourcecode.swift; path = src/GeometryCore/MeshDiagnostics.swift; sourceTree = "<group>"; };
		B1000000000000000000002A = {isa = PBXFileReference; lastKnownFileType = sourcecode.swift; path = src/Renderer/MeshDiagnosticsOverlayRenderer.swift; sourceTree = "<group>"; };
		B1000000000000000000002B = {isa = PBXFileReference; lastKnownFileType = sourcecode.swift; path = src/UI/MeshDiagnosticsView.swift; sourceTree = "<group>"; };
		B1000000000000000000002C = {isa = PBXFileReference; lastKnownFileType = sourcecode.swift; path = tests/MeshDiagnosticsTests.swift; sourceTree = "<group>"; };
		B1000000000000000000002D = {isa = PBXFileReference; lastKnownFileType = sourcecode.swift; path = src/GeometryCore/MeshCleanup.swift; sourceTree = "<group>"; };
		B1000000000000000000002E = {isa = PBXFileReference; lastKnownFileType = sourcecode.swift; path = src/UI/MeshCleanupView.swift; sourceTree = "<group>"; };
		B1000000000000000000002F = {isa = PBXFileReference; lastKnownFileType = sourcecode.swift; path = tests/MeshCleanupTests.swift; sourceTree = "<group>"; };
		B10000000000000000000030 = {isa = PBXFileReference; lastKnownFileType = sourcecode.swift; path = src/GeometryCore/MutationGeneration.swift; sourceTree = "<group>"; };
		B10000000000000000000031 = {isa = PBXFileReference; lastKnownFileType = sourcecode.swift; path = src/FileIO/AutosaveRecovery.swift; sourceTree = "<group>"; };
		B10000000000000000000032 = {isa = PBXFileReference; lastKnownFileType = sourcecode.swift; path = src/UI/RecoveryView.swift; sourceTree = "<group>"; };
		B10000000000000000000033 = {isa = PBXFileReference; lastKnownFileType = sourcecode.swift; path = tests/AutosaveRecoveryTests.swift; sourceTree = "<group>"; };
		B10000000000000000000034 = {isa = PBXFileReference; lastKnownFileType = sourcecode.swift; path = src/GeometryCore/FaceSelection.swift; sourceTree = "<group>"; };
		B10000000000000000000035 = {isa = PBXFileReference; lastKnownFileType = sourcecode.swift; path = src/Renderer/FaceSelectionOverlayRenderer.swift; sourceTree = "<group>"; };
		B10000000000000000000036 = {isa = PBXFileReference; lastKnownFileType = sourcecode.swift; path = src/UI/FaceSelectionPanel.swift; sourceTree = "<group>"; };
		B10000000000000000000037 = {isa = PBXFileReference; lastKnownFileType = sourcecode.swift; path = tests/FaceSelectionTests.swift; sourceTree = "<group>"; };
		B10000000000000000000038 = {isa = PBXFileReference; lastKnownFileType = sourcecode.swift; path = src/GeometryCore/FaceExtrude.swift; sourceTree = "<group>"; };
		B10000000000000000000039 = {isa = PBXFileReference; lastKnownFileType = sourcecode.swift; path = src/UI/FaceExtrudeView.swift; sourceTree = "<group>"; };
		B1000000000000000000003A = {isa = PBXFileReference; lastKnownFileType = sourcecode.swift; path = tests/FaceExtrudeTests.swift; sourceTree = "<group>"; };
		B1000000000000000000003B = {isa = PBXFileReference; lastKnownFileType = sourcecode.swift; path = src/GeometryCore/FaceInset.swift; sourceTree = "<group>"; };
		B1000000000000000000003C = {isa = PBXFileReference; lastKnownFileType = sourcecode.swift; path = src/UI/FaceInsetView.swift; sourceTree = "<group>"; };
		B1000000000000000000003D = {isa = PBXFileReference; lastKnownFileType = sourcecode.swift; path = tests/FaceInsetTests.swift; sourceTree = "<group>"; };
		B1000000000000000000003E = {isa = PBXFileReference; lastKnownFileType = sourcecode.swift; path = src/GeometryCore/PlanarFaceRegion.swift; sourceTree = "<group>"; };
		B1000000000000000000003F = {isa = PBXFileReference; lastKnownFileType = sourcecode.swift; path = src/GeometryCore/FaceBevel.swift; sourceTree = "<group>"; };
		B10000000000000000000040 = {isa = PBXFileReference; lastKnownFileType = sourcecode.swift; path = src/UI/FaceBevelView.swift; sourceTree = "<group>"; };
		B10000000000000000000041 = {isa = PBXFileReference; lastKnownFileType = sourcecode.swift; path = tests/FaceBevelTests.swift; sourceTree = "<group>"; };
		B10000000000000000000042 = {isa = PBXFileReference; lastKnownFileType = sourcecode.swift; path = src/GeometryCore/MeshMirror.swift; sourceTree = "<group>"; };
		B10000000000000000000043 = {isa = PBXFileReference; lastKnownFileType = sourcecode.swift; path = src/UI/MeshMirrorView.swift; sourceTree = "<group>"; };
		B10000000000000000000044 = {isa = PBXFileReference; lastKnownFileType = sourcecode.swift; path = tests/MeshMirrorTests.swift; sourceTree = "<group>"; };
		B10000000000000000000045 = {isa = PBXFileReference; lastKnownFileType = sourcecode.swift; path = src/GeometryCore/MeshLinearArray.swift; sourceTree = "<group>"; };
		B10000000000000000000046 = {isa = PBXFileReference; lastKnownFileType = sourcecode.swift; path = src/UI/MeshLinearArrayView.swift; sourceTree = "<group>"; };
		B10000000000000000000047 = {isa = PBXFileReference; lastKnownFileType = sourcecode.swift; path = tests/MeshLinearArrayTests.swift; sourceTree = "<group>"; };
		B10000000000000000000048 = {isa = PBXFileReference; lastKnownFileType = sourcecode.swift; path = src/GeometryCore/MeshRadialArray.swift; sourceTree = "<group>"; };
		B10000000000000000000049 = {isa = PBXFileReference; lastKnownFileType = sourcecode.swift; path = src/UI/MeshRadialArrayView.swift; sourceTree = "<group>"; };
		B1000000000000000000004A = {isa = PBXFileReference; lastKnownFileType = sourcecode.swift; path = tests/MeshRadialArrayTests.swift; sourceTree = "<group>"; };
		B1000000000000000000004B = {isa = PBXFileReference; lastKnownFileType = sourcecode.swift; path = src/GeometryCore/MeshExactSeamEdit.swift; sourceTree = "<group>"; };
		B1000000000000000000004C = {isa = PBXFileReference; lastKnownFileType = sourcecode.swift; path = src/UI/MeshExactSeamEditView.swift; sourceTree = "<group>"; };
		B1000000000000000000004D = {isa = PBXFileReference; lastKnownFileType = sourcecode.swift; path = tests/MeshExactSeamEditTests.swift; sourceTree = "<group>"; };
		B1000000000000000000004E = {isa = PBXFileReference; lastKnownFileType = sourcecode.swift; path = src/GeometryCore/EdgeSelection.swift; sourceTree = "<group>"; };
		B1000000000000000000004F = {isa = PBXFileReference; lastKnownFileType = sourcecode.swift; path = src/Renderer/EdgeSelectionOverlayRenderer.swift; sourceTree = "<group>"; };
		B10000000000000000000050 = {isa = PBXFileReference; lastKnownFileType = sourcecode.swift; path = src/UI/EdgeSelectionPanel.swift; sourceTree = "<group>"; };
		B10000000000000000000051 = {isa = PBXFileReference; lastKnownFileType = sourcecode.swift; path = tests/EdgeSelectionTests.swift; sourceTree = "<group>"; };
/* End PBXFileReference section */

/* Begin PBXFrameworksBuildPhase section */
		E10000000000000000000001 = {isa = PBXFrameworksBuildPhase; buildActionMask = 2147483647; files = (); runOnlyForDeploymentPostprocessing = 0; };
		E10000000000000000000002 = {isa = PBXFrameworksBuildPhase; buildActionMask = 2147483647; files = (); runOnlyForDeploymentPostprocessing = 0; };
/* End PBXFrameworksBuildPhase section */

/* Begin PBXGroup section */
		F20000000000000000000001 = {isa = PBXGroup; children = (
			B10000000000000000000001, B10000000000000000000002, B10000000000000000000003, B10000000000000000000004,
			B10000000000000000000005, B10000000000000000000006, B10000000000000000000007, B10000000000000000000008,
			B10000000000000000000009, B1000000000000000000000A, B1000000000000000000000B, B1000000000000000000000C,
			B1000000000000000000000D, B1000000000000000000000E, B10000000000000000000011, B10000000000000000000012,
			B10000000000000000000013, B10000000000000000000014, B10000000000000000000015, B10000000000000000000016, B10000000000000000000017, B10000000000000000000018, B10000000000000000000019, B1000000000000000000001A, B1000000000000000000001B, B1000000000000000000001C, B1000000000000000000001D, B1000000000000000000001E, B1000000000000000000001F, B10000000000000000000020, B10000000000000000000021, B10000000000000000000022, B10000000000000000000023, B10000000000000000000024, B10000000000000000000025, B10000000000000000000026, B10000000000000000000027, B10000000000000000000028, B10000000000000000000029, B1000000000000000000002A, B1000000000000000000002B, B1000000000000000000002C, B1000000000000000000002D, B1000000000000000000002E, B1000000000000000000002F, B10000000000000000000030, B10000000000000000000031, B10000000000000000000032, B10000000000000000000033, F20000000000000000000002,
			B10000000000000000000034, B10000000000000000000035, B10000000000000000000036, B10000000000000000000037,
			B10000000000000000000038, B10000000000000000000039, B1000000000000000000003A,
			B1000000000000000000003B, B1000000000000000000003C, B1000000000000000000003D,
			B1000000000000000000003E, B1000000000000000000003F, B10000000000000000000040, B10000000000000000000041,
			B10000000000000000000042, B10000000000000000000043, B10000000000000000000044,
			B10000000000000000000045, B10000000000000000000046, B10000000000000000000047,
			B10000000000000000000048, B10000000000000000000049, B1000000000000000000004A,
			B1000000000000000000004B, B1000000000000000000004C, B1000000000000000000004D,
		); sourceTree = "<group>"; };
		F20000000000000000000002 = {isa = PBXGroup; children = (B1000000000000000000000F, B10000000000000000000010); name = Products; sourceTree = "<group>"; };
/* End PBXGroup section */

/* Begin PBXNativeTarget section */
		D10000000000000000000001 = {isa = PBXNativeTarget; buildConfigurationList = F50000000000000000000002; buildPhases = (E10000000000000000000003, E10000000000000000000001, E10000000000000000000005); buildRules = (); dependencies = (); name = Forge3D; productName = Forge3D; productReference = B1000000000000000000000F; productType = "com.apple.product-type.application"; };
		D10000000000000000000002 = {isa = PBXNativeTarget; buildConfigurationList = F50000000000000000000003; buildPhases = (E10000000000000000000004, E10000000000000000000002, E10000000000000000000006); buildRules = (); dependencies = (C20000000000000000000001); name = Forge3DTests; productName = Forge3DTests; productReference = B10000000000000000000010; productType = "com.apple.product-type.bundle.unit-test"; };
/* End PBXNativeTarget section */

/* Begin PBXProject section */
		F10000000000000000000001 = {isa = PBXProject; attributes = {BuildIndependentTargetsInParallel = 1; LastSwiftUpdateCheck = 1600; LastUpgradeCheck = 1600; TargetAttributes = {D10000000000000000000001 = {CreatedOnToolsVersion = 16.0; }; D10000000000000000000002 = {CreatedOnToolsVersion = 16.0; TestTargetID = D10000000000000000000001; };};}; buildConfigurationList = F50000000000000000000001; compatibilityVersion = "Xcode 14.0"; developmentRegion = en; hasScannedForEncodings = 0; knownRegions = (en, Base); mainGroup = F20000000000000000000001; productRefGroup = F20000000000000000000002; projectDirPath = ""; projectRoot = ""; targets = (D10000000000000000000001, D10000000000000000000002); };
/* End PBXProject section */

/* Begin PBXResourcesBuildPhase section */
		E10000000000000000000005 = {isa = PBXResourcesBuildPhase; buildActionMask = 2147483647; files = (); runOnlyForDeploymentPostprocessing = 0; };
		E10000000000000000000006 = {isa = PBXResourcesBuildPhase; buildActionMask = 2147483647; files = (); runOnlyForDeploymentPostprocessing = 0; };
/* End PBXResourcesBuildPhase section */

/* Begin PBXSourcesBuildPhase section */
		E10000000000000000000003 = {isa = PBXSourcesBuildPhase; buildActionMask = 2147483647; files = (
			A10000000000000000000001, A10000000000000000000002, A10000000000000000000003, A10000000000000000000004,
			A10000000000000000000005, A10000000000000000000006, A10000000000000000000007, A10000000000000000000008,
			A10000000000000000000009, A1000000000000000000000A, A1000000000000000000000B, A1000000000000000000000C,
			A1000000000000000000000D, A1000000000000000000000F, A10000000000000000000010,
			A10000000000000000000011, A10000000000000000000012, A10000000000000000000013, A10000000000000000000014, A10000000000000000000015, A10000000000000000000016, A10000000000000000000017, A10000000000000000000018, A10000000000000000000019, A1000000000000000000001A, A1000000000000000000001B, A1000000000000000000001C, A1000000000000000000001D, A1000000000000000000001E, A1000000000000000000001F, A10000000000000000000020, A10000000000000000000021, A10000000000000000000022, A10000000000000000000023, A10000000000000000000024, A10000000000000000000025, A10000000000000000000026, A10000000000000000000027, A10000000000000000000028, A1000000000000000000002A, A1000000000000000000002B, A1000000000000000000002D, A1000000000000000000002E, A1000000000000000000002F,
			A10000000000000000000031, A10000000000000000000032, A10000000000000000000033, A10000000000000000000035, A10000000000000000000036, A10000000000000000000038, A10000000000000000000039, A1000000000000000000003B, A1000000000000000000003C, A1000000000000000000003D, A1000000000000000000003F, A10000000000000000000040, A10000000000000000000042, A10000000000000000000043, A10000000000000000000045, A10000000000000000000046, A10000000000000000000048, A10000000000000000000049,
			A1000000000000000000004B, A1000000000000000000004C, A1000000000000000000004D,
		); runOnlyForDeploymentPostprocessing = 0; };
		E10000000000000000000004 = {isa = PBXSourcesBuildPhase; buildActionMask = 2147483647; files = (A1000000000000000000000E, A10000000000000000000029, A1000000000000000000002C, A10000000000000000000030, A10000000000000000000034, A10000000000000000000037, A1000000000000000000003A, A1000000000000000000003E, A10000000000000000000041, A10000000000000000000044, A10000000000000000000047, A1000000000000000000004A, A1000000000000000000004E); runOnlyForDeploymentPostprocessing = 0; };
/* End PBXSourcesBuildPhase section */

/* Begin PBXTargetDependency section */
		C20000000000000000000001 = {isa = PBXTargetDependency; target = D10000000000000000000001; targetProxy = C10000000000000000000001; };
/* End PBXTargetDependency section */

/* Begin XCBuildConfiguration section */
		F30000000000000000000001 = {isa = XCBuildConfiguration; buildSettings = {CLANG_ENABLE_MODULES = YES; SWIFT_ACTIVE_COMPILATION_CONDITIONS = DEBUG; SWIFT_VERSION = 5.0; IPHONEOS_DEPLOYMENT_TARGET = 17.0;}; name = Debug; };
		F30000000000000000000002 = {isa = XCBuildConfiguration; buildSettings = {CLANG_ENABLE_MODULES = YES; SWIFT_VERSION = 5.0; IPHONEOS_DEPLOYMENT_TARGET = 17.0;}; name = Release; };
		F30000000000000000000003 = {isa = XCBuildConfiguration; buildSettings = {CODE_SIGN_STYLE = Automatic; CURRENT_PROJECT_VERSION = 1; DEVELOPMENT_TEAM = ""; ENABLE_TESTABILITY = YES; GENERATE_INFOPLIST_FILE = NO; INFOPLIST_FILE = src/App/Info.plist; MARKETING_VERSION = 0.1.0; PRODUCT_BUNDLE_IDENTIFIER = com.forge3d.prototype; PRODUCT_NAME = "$(TARGET_NAME)"; SDKROOT = iphoneos; SUPPORTED_PLATFORMS = "iphoneos iphonesimulator"; SUPPORTS_MACCATALYST = NO; SWIFT_EMIT_LOC_STRINGS = YES; TARGETED_DEVICE_FAMILY = 2;}; name = Debug; };
		F30000000000000000000004 = {isa = XCBuildConfiguration; buildSettings = {CODE_SIGN_STYLE = Automatic; CURRENT_PROJECT_VERSION = 1; DEVELOPMENT_TEAM = ""; GENERATE_INFOPLIST_FILE = NO; INFOPLIST_FILE = src/App/Info.plist; MARKETING_VERSION = 0.1.0; PRODUCT_BUNDLE_IDENTIFIER = com.forge3d.prototype; PRODUCT_NAME = "$(TARGET_NAME)"; SDKROOT = iphoneos; SUPPORTED_PLATFORMS = "iphoneos iphonesimulator"; SUPPORTS_MACCATALYST = NO; SWIFT_COMPILATION_MODE = wholemodule; TARGETED_DEVICE_FAMILY = 2;}; name = Release; };
		F30000000000000000000005 = {isa = XCBuildConfiguration; buildSettings = {BUNDLE_LOADER = "$(TEST_HOST)"; CODE_SIGN_STYLE = Automatic; GENERATE_INFOPLIST_FILE = YES; PRODUCT_BUNDLE_IDENTIFIER = com.forge3d.prototype.tests; PRODUCT_NAME = "$(TARGET_NAME)"; SDKROOT = iphoneos; SUPPORTED_PLATFORMS = "iphoneos iphonesimulator"; SWIFT_VERSION = 5.0; TARGETED_DEVICE_FAMILY = 2; TEST_HOST = "$(BUILT_PRODUCTS_DIR)/Forge3D.app/Forge3D";}; name = Debug; };
		F30000000000000000000006 = {isa = XCBuildConfiguration; buildSettings = {BUNDLE_LOADER = "$(TEST_HOST)"; CODE_SIGN_STYLE = Automatic; GENERATE_INFOPLIST_FILE = YES; PRODUCT_BUNDLE_IDENTIFIER = com.forge3d.prototype.tests; PRODUCT_NAME = "$(TARGET_NAME)"; SDKROOT = iphoneos; SUPPORTED_PLATFORMS = "iphoneos iphonesimulator"; SWIFT_VERSION = 5.0; TARGETED_DEVICE_FAMILY = 2; TEST_HOST = "$(BUILT_PRODUCTS_DIR)/Forge3D.app/Forge3D";}; name = Release; };
/* End XCBuildConfiguration section */

/* Begin XCConfigurationList section */
		F50000000000000000000001 = {isa = XCConfigurationList; buildConfigurations = (F30000000000000000000001, F30000000000000000000002); defaultConfigurationIsVisible = 0; defaultConfigurationName = Release; };
		F50000000000000000000002 = {isa = XCConfigurationList; buildConfigurations = (F30000000000000000000003, F30000000000000000000004); defaultConfigurationIsVisible = 0; defaultConfigurationName = Release; };
		F50000000000000000000003 = {isa = XCConfigurationList; buildConfigurations = (F30000000000000000000005, F30000000000000000000006); defaultConfigurationIsVisible = 0; defaultConfigurationName = Release; };
/* End XCConfigurationList section */
	};
	rootObject = F10000000000000000000001;
}
